
Microsoft Visual Studio Solution File, Format Version 12.00
# Visual Studio 15
VisualStudioVersion = 15.0.33026.149
MinimumVisualStudioVersion = 10.0.40219.1
Project("{FAE04EC0-301F-11D3-BF4B-00C04F79EFBC}") = "YaelQuotesCS", "YaelQuotesCS\YaelQuotesCS.csproj", "{6AE96CFF-594A-4A1B-BC1B-35772A41781A}"
EndProject
Project("{FAE04EC0-301F-11D3-BF4B-00C04F79EFBC}") = "YaelQuotesCS.Tests", "YaelQuotesCS.Tests\YaelQuotesCS.Tests.csproj", "{1D5EB2C3-4FF2-42B3-8F3C-BC7532CC6AB6}"
EndProject
Global
	GlobalSection(SolutionConfigurationPlatforms) = preSolution
		Debug|Any CPU = Debug|Any CPU
		Release|Any CPU = Release|Any CPU
	EndGlobalSection
	GlobalSection(ProjectConfigurationPlatforms) = postSolution
		{6AE96CFF-594A-4A1B-BC1B-35772A41781A}.Debug|Any CPU.ActiveCfg = Debug|Any CPU
		{6AE96CFF-594A-4A1B-BC1B-35772A41781A}.Debug|Any CPU.Build.0 = Debug|Any CPU
		{6AE96CFF-594A-4A1B-BC1B-35772A41781A}.Release|Any CPU.ActiveCfg = Release|Any CPU
		{6AE96CFF-594A-4A1B-BC1B-35772A41781A}.Release|Any CPU.Build.0 = Release|Any CPU
		{1D5EB2C3-4FF2-42B3-8F3C-BC7532CC6AB6}.Debug|Any CPU.ActiveCfg = Debug|Any CPU
		{1D5EB2C3-4FF2-42B3-8F3C-BC7532CC6AB6}.Debug|Any CPU.Build.0 = Debug|Any CPU
		{1D5EB2C3-4FF2-42B3-8F3C-BC7532CC6AB6}.Release|Any CPU.ActiveCfg = Release|Any CPU
		{1D5EB2C3-4FF2-42B3-8F3C-BC7532CC6AB6}.Release|Any CPU.Build.0 = Release|Any CPU
	EndGlobalSection
	GlobalSection(SolutionProperties) = preSolution
		HideSolutionNode = FALSE
	EndGlobalSection
	GlobalSection(ExtensibilityGlobals) = postSolution
		SolutionGuid = {0B96ACC8-0E37-42BD-B04A-3E247A875B86}
	EndGlobalSection
EndGlobal
